
Microsoft Visual Studio Solution File, Format Version 12.00
# Visual Studio Version 16
VisualStudioVersion = 16.0.30320.27
MinimumVisualStudioVersion = 10.0.40219.1
Project("{FAE04EC0-301F-11D3-BF4B-00C04F79EFBC}") = "CodTracker.Android", "CodTracker.Android\CodTracker.Android.csproj", "{DF7DA5DB-D3C4-47EB-AD0A-62D466D6EC83}"
EndProject
Project("{FAE04EC0-301F-11D3-BF4B-00C04F79EFBC}") = "CodTracker.iOS", "CodTracker.iOS\CodTracker.iOS.csproj", "{3DAAFF9F-20EF-42B3-9E72-57A33DB85071}"
EndProject
Project("{FAE04EC0-301F-11D3-BF4B-00C04F79EFBC}") = "CodTracker", "CodTracker\CodTracker.csproj", "{DC92ED5F-B6B6-4DCF-989D-A1CB898F0822}"
EndProject
Global
	GlobalSection(SolutionConfigurationPlatforms) = preSolution
		Debug|Any CPU = Debug|Any CPU
		Debug|iPhone = Debug|iPhone
		Debug|iPhoneSimulator = Debug|iPhoneSimulator
		Release|Any CPU = Release|Any CPU
		Release|iPhone = Release|iPhone
		Release|iPhoneSimulator = Release|iPhoneSimulator
	EndGlobalSection
	GlobalSection(ProjectConfigurationPlatforms) = postSolution
		{DF7DA5DB-D3C4-47EB-AD0A-62D466D6EC83}.Debug|Any CPU.ActiveCfg = Debug|Any CPU
		{DF7DA5DB-D3C4-47EB-AD0A-62D466D6EC83}.Debug|Any CPU.Build.0 = Debug|Any CPU
		{DF7DA5DB-D3C4-47EB-AD0A-62D466D6EC83}.Debug|Any CPU.Deploy.0 = Debug|Any CPU
		{DF7DA5DB-D3C4-47EB-AD0A-62D466D6EC83}.Debug|iPhone.ActiveCfg = Debug|Any CPU
		{DF7DA5DB-D3C4-47EB-AD0A-62D466D6EC83}.Debug|iPhone.Build.0 = Debug|Any CPU
		{DF7DA5DB-D3C4-47EB-AD0A-62D466D6EC83}.Debug|iPhone.Deploy.0 = Debug|Any CPU
		{DF7DA5DB-D3C4-47EB-AD0A-62D466D6EC83}.Debug|iPhoneSimulator.ActiveCfg = Debug|Any CPU
		{DF7DA5DB-D3C4-47EB-AD0A-62D466D6EC83}.Debug|iPhoneSimulator.Build.0 = Debug|Any CPU
		{DF7DA5DB-D3C4-47EB-AD0A-62D466D6EC83}.Debug|iPhoneSimulator.Deploy.0 = Debug|Any CPU
		{DF7DA5DB-D3C4-47EB-AD0A-62D466D6EC83}.Release|Any CPU.ActiveCfg = Release|Any CPU
		{DF7DA5DB-D3C4-47EB-AD0A-62D466D6EC83}.Release|Any CPU.Build.0 = Release|Any CPU
		{DF7DA5DB-D3C4-47EB-AD0A-62D466D6EC83}.Release|Any CPU.Deploy.0 = Release|Any CPU
		{DF7DA5DB-D3C4-47EB-AD0A-62D466D6EC83}.Release|iPhone.ActiveCfg = Release|Any CPU
		{DF7DA5DB-D3C4-47EB-AD0A-62D466D6EC83}.Release|iPhone.Build.0 = Release|Any CPU
		{DF7DA5DB-D3C4-47EB-AD0A-62D466D6EC83}.Release|iPhone.Deploy.0 = Release|Any CPU
		{DF7DA5DB-D3C4-47EB-AD0A-62D466D6EC83}.Release|iPhoneSimulator.ActiveCfg = Release|Any CPU
		{DF7DA5DB-D3C4-47EB-AD0A-62D466D6EC83}.Release|iPhoneSimulator.Build.0 = Release|Any CPU
		{DF7DA5DB-D3C4-47EB-AD0A-62D466D6EC83}.Release|iPhoneSimulator.Deploy.0 = Release|Any CPU
		{3DAAFF9F-20EF-42B3-9E72-57A33DB85071}.Debug|Any CPU.ActiveCfg = Debug|iPhone
		{3DAAFF9F-20EF-42B3-9E72-57A33DB85071}.Debug|Any CPU.Build.0 = Debug|iPhone
		{3DAAFF9F-20EF-42B3-9E72-57A33DB85071}.Debug|Any CPU.Deploy.0 = Debug|iPhone
		{3DAAFF9F-20EF-42B3-9E72-57A33DB85071}.Debug|iPhone.ActiveCfg = Debug|iPhone
		{3DAAFF9F-20EF-42B3-9E72-57A33DB85071}.Debug|iPhone.Build.0 = Debug|iPhone
		{3DAAFF9F-20EF-42B3-9E72-57A33DB85071}.Debug|iPhone.Deploy.0 = Debug|iPhone
		{3DAAFF9F-20EF-42B3-9E72-57A33DB85071}.Debug|iPhoneSimulator.ActiveCfg = Debug|iPhoneSimulator
		{3DAAFF9F-20EF-42B3-9E72-57A33DB85071}.Debug|iPhoneSimulator.Build.0 = Debug|iPhoneSimulator
		{3DAAFF9F-20EF-42B3-9E72-57A33DB85071}.Debug|iPhoneSimulator.Deploy.0 = Debug|iPhoneSimulator
		{3DAAFF9F-20EF-42B3-9E72-57A33DB85071}.Release|Any CPU.ActiveCfg = Release|iPhone
		{3DAAFF9F-20EF-42B3-9E72-57A33DB85071}.Release|Any CPU.Build.0 = Release|iPhone
		{3DAAFF9F-20EF-42B3-9E72-57A33DB85071}.Release|Any CPU.Deploy.0 = Release|iPhone
		{3DAAFF9F-20EF-42B3-9E72-57A33DB85071}.Release|iPhone.ActiveCfg = Release|iPhone
		{3DAAFF9F-20EF-42B3-9E72-57A33DB85071}.Release|iPhone.Build.0 = Release|iPhone
		{3DAAFF9F-20EF-42B3-9E72-57A33DB85071}.Release|iPhone.Deploy.0 = Release|iPhone
		{3DAAFF9F-20EF-42B3-9E72-57A33DB85071}.Release|iPhoneSimulator.ActiveCfg = Release|iPhoneSimulator
		{3DAAFF9F-20EF-42B3-9E72-57A33DB85071}.Release|iPhoneSimulator.Build.0 = Release|iPhoneSimulator
		{3DAAFF9F-20EF-42B3-9E72-57A33DB85071}.Release|iPhoneSimulator.Deploy.0 = Release|iPhoneSimulator
		{DC92ED5F-B6B6-4DCF-989D-A1CB898F0822}.Debug|Any CPU.ActiveCfg = Debug|Any CPU
		{DC92ED5F-B6B6-4DCF-989D-A1CB898F0822}.Debug|Any CPU.Build.0 = Debug|Any CPU
		{DC92ED5F-B6B6-4DCF-989D-A1CB898F0822}.Debug|Any CPU.Deploy.0 = Debug|Any CPU
		{DC92ED5F-B6B6-4DCF-989D-A1CB898F0822}.Debug|iPhone.ActiveCfg = Debug|Any CPU
		{DC92ED5F-B6B6-4DCF-989D-A1CB898F0822}.Debug|iPhone.Build.0 = Debug|Any CPU
		{DC92ED5F-B6B6-4DCF-989D-A1CB898F0822}.Debug|iPhone.Deploy.0 = Debug|Any CPU
		{DC92ED5F-B6B6-4DCF-989D-A1CB898F0822}.Debug|iPhoneSimulator.ActiveCfg = Debug|Any CPU
		{DC92ED5F-B6B6-4DCF-989D-A1CB898F0822}.Debug|iPhoneSimulator.Build.0 = Debug|Any CPU
		{DC92ED5F-B6B6-4DCF-989D-A1CB898F0822}.Debug|iPhoneSimulator.Deploy.0 = Debug|Any CPU
		{DC92ED5F-B6B6-4DCF-989D-A1CB898F0822}.Release|Any CPU.ActiveCfg = Release|Any CPU
		{DC92ED5F-B6B6-4DCF-989D-A1CB898F0822}.Release|Any CPU.Build.0 = Release|Any CPU
		{DC92ED5F-B6B6-4DCF-989D-A1CB898F0822}.Release|Any CPU.Deploy.0 = Release|Any CPU
		{DC92ED5F-B6B6-4DCF-989D-A1CB898F0822}.Release|iPhone.ActiveCfg = Release|Any CPU
		{DC92ED5F-B6B6-4DCF-989D-A1CB898F0822}.Release|iPhone.Build.0 = Release|Any CPU
		{DC92ED5F-B6B6-4DCF-989D-A1CB898F0822}.Release|iPhone.Deploy.0 = Release|Any CPU
		{DC92ED5F-B6B6-4DCF-989D-A1CB898F0822}.Release|iPhoneSimulator.ActiveCfg = Release|Any CPU
		{DC92ED5F-B6B6-4DCF-989D-A1CB898F0822}.Release|iPhoneSimulator.Build.0 = Release|Any CPU
		{DC92ED5F-B6B6-4DCF-989D-A1CB898F0822}.Release|iPhoneSimulator.Deploy.0 = Release|Any CPU
	EndGlobalSection
	GlobalSection(SolutionProperties) = preSolution
		HideSolutionNode = FALSE
	EndGlobalSection
	GlobalSection(ExtensibilityGlobals) = postSolution
		SolutionGuid = {B0F4557E-1BD7-4A1E-80AC-60674973C740}
	EndGlobalSection
EndGlobal
